
Microsoft Visual Studio Solution File, Format Version 12.00
# Visual Studio Version 16
VisualStudioVersion = 16.0.32228.343
MinimumVisualStudioVersion = 10.0.40219.1
Project("{FAE04EC0-301F-11D3-BF4B-00C04F79EFBC}") = "Kahoot_Botter", "Kahoot_Botter\Kahoot_Botter.csproj", "{23D8596C-56C6-400C-9DF1-9EA30E89752A}"
EndProject
Global
	GlobalSection(SolutionConfigurationPlatforms) = preSolution
		Debug|Any CPU = Debug|Any CPU
		Release|Any CPU = Release|Any CPU
	EndGlobalSection
	GlobalSection(ProjectConfigurationPlatforms) = postSolution
		{23D8596C-56C6-400C-9DF1-9EA30E89752A}.Debug|Any CPU.ActiveCfg = Debug|Any CPU
		{23D8596C-56C6-400C-9DF1-9EA30E89752A}.Debug|Any CPU.Build.0 = Debug|Any CPU
		{23D8596C-56C6-400C-9DF1-9EA30E89752A}.Release|Any CPU.ActiveCfg = Release|Any CPU
		{23D8596C-56C6-400C-9DF1-9EA30E89752A}.Release|Any CPU.Build.0 = Release|Any CPU
	EndGlobalSection
	GlobalSection(SolutionProperties) = preSolution
		HideSolutionNode = FALSE
	EndGlobalSection
	GlobalSection(ExtensibilityGlobals) = postSolution
		SolutionGuid = {50876D5C-8A81-47C5-B158-DA7042543FBD}
	EndGlobalSection
EndGlobal
