
Microsoft Visual Studio Solution File, Format Version 12.00
# Visual Studio Version 16
VisualStudioVersion = 16.0.32228.343
MinimumVisualStudioVersion = 10.0.40219.1
Project("{FAE04EC0-301F-11D3-BF4B-00C04F79EFBC}") = "Kahoot_Botter", "Kahoot_Botter\Kahoot_Botter.csproj", "{45002FBB-AC6C-48C8-AE72-C3D937A02D6C}"
EndProject
Global
	GlobalSection(SolutionConfigurationPlatforms) = preSolution
		Debug|Any CPU = Debug|Any CPU
		Release|Any CPU = Release|Any CPU
	EndGlobalSection
	GlobalSection(ProjectConfigurationPlatforms) = postSolution
		{45002FBB-AC6C-48C8-AE72-C3D937A02D6C}.Debug|Any CPU.ActiveCfg = Debug|Any CPU
		{45002FBB-AC6C-48C8-AE72-C3D937A02D6C}.Debug|Any CPU.Build.0 = Debug|Any CPU
		{45002FBB-AC6C-48C8-AE72-C3D937A02D6C}.Release|Any CPU.ActiveCfg = Release|Any CPU
		{45002FBB-AC6C-48C8-AE72-C3D937A02D6C}.Release|Any CPU.Build.0 = Release|Any CPU
	EndGlobalSection
	GlobalSection(SolutionProperties) = preSolution
		HideSolutionNode = FALSE
	EndGlobalSection
	GlobalSection(ExtensibilityGlobals) = postSolution
		SolutionGuid = {C3DD69C7-A537-4579-B267-77597FC7D1D6}
	EndGlobalSection
EndGlobal
